
Microsoft Visual Studio Solution File, Format Version 12.00
# Visual Studio 15
VisualStudioVersion = 15.0.27703.1
MinimumVisualStudioVersion = 10.0.40219.1
Project("{FAE04EC0-301F-11D3-BF4B-00C04F79EFBC}") = "fes-gui-wpf", "fes-gui-wpf\fes-gui-wpf.csproj", "{4E787326-22CF-4AAD-9724-6EDD70B84BB3}"
EndProject
Global
	GlobalSection(SolutionConfigurationPlatforms) = preSolution
		Debug|Any CPU = Debug|Any CPU
		Release|Any CPU = Release|Any CPU
	EndGlobalSection
	GlobalSection(ProjectConfigurationPlatforms) = postSolution
		{4E787326-22CF-4AAD-9724-6EDD70B84BB3}.Debug|Any CPU.ActiveCfg = Debug|Any CPU
		{4E787326-22CF-4AAD-9724-6EDD70B84BB3}.Debug|Any CPU.Build.0 = Debug|Any CPU
		{4E787326-22CF-4AAD-9724-6EDD70B84BB3}.Release|Any CPU.ActiveCfg = Release|Any CPU
		{4E787326-22CF-4AAD-9724-6EDD70B84BB3}.Release|Any CPU.Build.0 = Release|Any CPU
	EndGlobalSection
	GlobalSection(SolutionProperties) = preSolution
		HideSolutionNode = FALSE
	EndGlobalSection
	GlobalSection(ExtensibilityGlobals) = postSolution
		SolutionGuid = {9BAB1839-2F46-4129-A3CC-E0FA22BC539F}
	EndGlobalSection
EndGlobal
